
Microsoft Visual Studio Solution File, Format Version 12.00
# Visual Studio Version 16
VisualStudioVersion = 16.0.29424.173
MinimumVisualStudioVersion = 10.0.40219.1
Project("{9A19103F-16F7-4668-BE54-9A1E7A4F7556}") = "Masuit.MyBlogs.Core", "Masuit.MyBlogs.Core\Masuit.MyBlogs.Core.csproj", "{51A09BD3-AB54-4DF9-AB8B-C68DF0672C39}"
EndProject
Global
	GlobalSection(SolutionConfigurationPlatforms) = preSolution
		Debug|Any CPU = Debug|Any CPU
		Guid版本|Any CPU = Guid版本|Any CPU
		Long版本|Any CPU = Long版本|Any CPU
		Release|Any CPU = Release|Any CPU
		String版本|Any CPU = String版本|Any CPU
	EndGlobalSection
	GlobalSection(ProjectConfigurationPlatforms) = postSolution
		{51A09BD3-AB54-4DF9-AB8B-C68DF0672C39}.Debug|Any CPU.ActiveCfg = Debug|Any CPU
		{51A09BD3-AB54-4DF9-AB8B-C68DF0672C39}.Debug|Any CPU.Build.0 = Debug|Any CPU
		{51A09BD3-AB54-4DF9-AB8B-C68DF0672C39}.Guid版本|Any CPU.ActiveCfg = Release|Any CPU
		{51A09BD3-AB54-4DF9-AB8B-C68DF0672C39}.Guid版本|Any CPU.Build.0 = Release|Any CPU
		{51A09BD3-AB54-4DF9-AB8B-C68DF0672C39}.Long版本|Any CPU.ActiveCfg = Release|Any CPU
		{51A09BD3-AB54-4DF9-AB8B-C68DF0672C39}.Long版本|Any CPU.Build.0 = Release|Any CPU
		{51A09BD3-AB54-4DF9-AB8B-C68DF0672C39}.Release|Any CPU.ActiveCfg = Release|Any CPU
		{51A09BD3-AB54-4DF9-AB8B-C68DF0672C39}.Release|Any CPU.Build.0 = Release|Any CPU
		{51A09BD3-AB54-4DF9-AB8B-C68DF0672C39}.String版本|Any CPU.ActiveCfg = Release|Any CPU
		{51A09BD3-AB54-4DF9-AB8B-C68DF0672C39}.String版本|Any CPU.Build.0 = Release|Any CPU
	EndGlobalSection
	GlobalSection(SolutionProperties) = preSolution
		HideSolutionNode = FALSE
	EndGlobalSection
	GlobalSection(ExtensibilityGlobals) = postSolution
		SolutionGuid = {2D2DF884-78F6-45E0-80C5-25FAE9F0B5C9}
	EndGlobalSection
EndGlobal
