
Microsoft Visual Studio Solution File, Format Version 12.00
# Visual Studio 15
VisualStudioVersion = 15.0.27130.2036
MinimumVisualStudioVersion = 10.0.40219.1
Project("{2150E333-8FDC-42A3-9474-1A3956D46DE8}") = "0.测试", "0.测试", "{23383A71-CEA2-4098-9E8F-154FB9176AC6}"
EndProject
Project("{2150E333-8FDC-42A3-9474-1A3956D46DE8}") = "1.数据持久层", "1.数据持久层", "{204C572E-8FF6-4114-B6EA-3E64CB5A53FA}"
EndProject
Project("{2150E333-8FDC-42A3-9474-1A3956D46DE8}") = "2.业务逻辑层", "2.业务逻辑层", "{AA298924-B01C-40F1-BF9A-8F67888B2E0B}"
EndProject
Project("{2150E333-8FDC-42A3-9474-1A3956D46DE8}") = "3.公共层", "3.公共层", "{89A0A48F-DF68-460E-BDAA-EBE07A44A04E}"
EndProject
Project("{2150E333-8FDC-42A3-9474-1A3956D46DE8}") = "4.模型层", "4.模型层", "{22A121F3-4B9D-4FC9-ACAF-8C807136C947}"
EndProject
Project("{2150E333-8FDC-42A3-9474-1A3956D46DE8}") = "5.应用层", "5.应用层", "{A78A3C11-E932-4C6F-8E2D-8943B9497936}"
EndProject
Project("{FAE04EC0-301F-11D3-BF4B-00C04F79EFBC}") = "IDAL", "IDAL\IDAL.csproj", "{7997FB01-C9C1-4793-A430-9CA3C3852B37}"
EndProject
Project("{FAE04EC0-301F-11D3-BF4B-00C04F79EFBC}") = "DAL", "DAL\DAL.csproj", "{F1A452F8-2757-4130-AECD-4CDCB675419F}"
EndProject
Project("{FAE04EC0-301F-11D3-BF4B-00C04F79EFBC}") = "IBLL", "IBLL\IBLL.csproj", "{939493B4-A47C-43E2-99E3-92459CD0EB1E}"
EndProject
Project("{FAE04EC0-301F-11D3-BF4B-00C04F79EFBC}") = "BLL", "BLL\BLL.csproj", "{F7DEF70A-7EEA-4C03-866B-E351B352711C}"
EndProject
Project("{FAE04EC0-301F-11D3-BF4B-00C04F79EFBC}") = "Common", "Common\Common.csproj", "{138F01FA-B23F-4ACA-93DB-D899BB244A1A}"
EndProject
Project("{FAE04EC0-301F-11D3-BF4B-00C04F79EFBC}") = "Models", "Models\Models.csproj", "{5400CA01-CBCF-4531-A388-3057393D5B4F}"
EndProject
Project("{2150E333-8FDC-42A3-9474-1A3956D46DE8}") = "代码生成", "代码生成", "{F500AF97-8464-42E7-A39C-64990B07B380}"
EndProject
Project("{FAE04EC0-301F-11D3-BF4B-00C04F79EFBC}") = "ModelCodeGenerate", "ModelCodeGenerate\ModelCodeGenerate.csproj", "{057A84E9-73A4-4CF0-8871-5FC9BB26707C}"
EndProject
Project("{FAE04EC0-301F-11D3-BF4B-00C04F79EFBC}") = "Masuit.MyBlogs.WebApp", "Masuit.MyBlogs.WebApp\Masuit.MyBlogs.WebApp.csproj", "{5DA764F7-BBD7-4BF9-9F2F-03D9273AEFCC}"
EndProject
Project("{FAE04EC0-301F-11D3-BF4B-00C04F79EFBC}") = "Masuit.Tools", "..\Masuit.Tools\Masuit.Tools\Masuit.Tools.csproj", "{275D5A0D-C49C-497E-A4B5-F40285C2495F}"
EndProject
Project("{FAE04EC0-301F-11D3-BF4B-00C04F79EFBC}") = "ConsoleApp1", "ConsoleApp1\ConsoleApp1.csproj", "{15C9E15C-BD63-4630-85D4-F2DAD7AF1E2B}"
EndProject
Global
	GlobalSection(SolutionConfigurationPlatforms) = preSolution
		Debug|Any CPU = Debug|Any CPU
		Debug|x86 = Debug|x86
		Release|Any CPU = Release|Any CPU
		Release|x86 = Release|x86
	EndGlobalSection
	GlobalSection(ProjectConfigurationPlatforms) = postSolution
		{7997FB01-C9C1-4793-A430-9CA3C3852B37}.Debug|Any CPU.ActiveCfg = Debug|Any CPU
		{7997FB01-C9C1-4793-A430-9CA3C3852B37}.Debug|Any CPU.Build.0 = Debug|Any CPU
		{7997FB01-C9C1-4793-A430-9CA3C3852B37}.Debug|x86.ActiveCfg = Debug|Any CPU
		{7997FB01-C9C1-4793-A430-9CA3C3852B37}.Debug|x86.Build.0 = Debug|Any CPU
		{7997FB01-C9C1-4793-A430-9CA3C3852B37}.Release|Any CPU.ActiveCfg = Release|Any CPU
		{7997FB01-C9C1-4793-A430-9CA3C3852B37}.Release|Any CPU.Build.0 = Release|Any CPU
		{7997FB01-C9C1-4793-A430-9CA3C3852B37}.Release|x86.ActiveCfg = Release|Any CPU
		{7997FB01-C9C1-4793-A430-9CA3C3852B37}.Release|x86.Build.0 = Release|Any CPU
		{F1A452F8-2757-4130-AECD-4CDCB675419F}.Debug|Any CPU.ActiveCfg = Debug|Any CPU
		{F1A452F8-2757-4130-AECD-4CDCB675419F}.Debug|Any CPU.Build.0 = Debug|Any CPU
		{F1A452F8-2757-4130-AECD-4CDCB675419F}.Debug|x86.ActiveCfg = Debug|Any CPU
		{F1A452F8-2757-4130-AECD-4CDCB675419F}.Debug|x86.Build.0 = Debug|Any CPU
		{F1A452F8-2757-4130-AECD-4CDCB675419F}.Release|Any CPU.ActiveCfg = Release|Any CPU
		{F1A452F8-2757-4130-AECD-4CDCB675419F}.Release|Any CPU.Build.0 = Release|Any CPU
		{F1A452F8-2757-4130-AECD-4CDCB675419F}.Release|x86.ActiveCfg = Release|Any CPU
		{F1A452F8-2757-4130-AECD-4CDCB675419F}.Release|x86.Build.0 = Release|Any CPU
		{939493B4-A47C-43E2-99E3-92459CD0EB1E}.Debug|Any CPU.ActiveCfg = Debug|Any CPU
		{939493B4-A47C-43E2-99E3-92459CD0EB1E}.Debug|Any CPU.Build.0 = Debug|Any CPU
		{939493B4-A47C-43E2-99E3-92459CD0EB1E}.Debug|x86.ActiveCfg = Debug|Any CPU
		{939493B4-A47C-43E2-99E3-92459CD0EB1E}.Debug|x86.Build.0 = Debug|Any CPU
		{939493B4-A47C-43E2-99E3-92459CD0EB1E}.Release|Any CPU.ActiveCfg = Release|Any CPU
		{939493B4-A47C-43E2-99E3-92459CD0EB1E}.Release|Any CPU.Build.0 = Release|Any CPU
		{939493B4-A47C-43E2-99E3-92459CD0EB1E}.Release|x86.ActiveCfg = Release|Any CPU
		{939493B4-A47C-43E2-99E3-92459CD0EB1E}.Release|x86.Build.0 = Release|Any CPU
		{F7DEF70A-7EEA-4C03-866B-E351B352711C}.Debug|Any CPU.ActiveCfg = Debug|Any CPU
		{F7DEF70A-7EEA-4C03-866B-E351B352711C}.Debug|Any CPU.Build.0 = Debug|Any CPU
		{F7DEF70A-7EEA-4C03-866B-E351B352711C}.Debug|x86.ActiveCfg = Debug|Any CPU
		{F7DEF70A-7EEA-4C03-866B-E351B352711C}.Debug|x86.Build.0 = Debug|Any CPU
		{F7DEF70A-7EEA-4C03-866B-E351B352711C}.Release|Any CPU.ActiveCfg = Release|Any CPU
		{F7DEF70A-7EEA-4C03-866B-E351B352711C}.Release|Any CPU.Build.0 = Release|Any CPU
		{F7DEF70A-7EEA-4C03-866B-E351B352711C}.Release|x86.ActiveCfg = Release|Any CPU
		{F7DEF70A-7EEA-4C03-866B-E351B352711C}.Release|x86.Build.0 = Release|Any CPU
		{138F01FA-B23F-4ACA-93DB-D899BB244A1A}.Debug|Any CPU.ActiveCfg = Debug|Any CPU
		{138F01FA-B23F-4ACA-93DB-D899BB244A1A}.Debug|Any CPU.Build.0 = Debug|Any CPU
		{138F01FA-B23F-4ACA-93DB-D899BB244A1A}.Debug|x86.ActiveCfg = Debug|Any CPU
		{138F01FA-B23F-4ACA-93DB-D899BB244A1A}.Debug|x86.Build.0 = Debug|Any CPU
		{138F01FA-B23F-4ACA-93DB-D899BB244A1A}.Release|Any CPU.ActiveCfg = Release|Any CPU
		{138F01FA-B23F-4ACA-93DB-D899BB244A1A}.Release|Any CPU.Build.0 = Release|Any CPU
		{138F01FA-B23F-4ACA-93DB-D899BB244A1A}.Release|x86.ActiveCfg = Release|Any CPU
		{138F01FA-B23F-4ACA-93DB-D899BB244A1A}.Release|x86.Build.0 = Release|Any CPU
		{5400CA01-CBCF-4531-A388-3057393D5B4F}.Debug|Any CPU.ActiveCfg = Debug|Any CPU
		{5400CA01-CBCF-4531-A388-3057393D5B4F}.Debug|Any CPU.Build.0 = Debug|Any CPU
		{5400CA01-CBCF-4531-A388-3057393D5B4F}.Debug|x86.ActiveCfg = Debug|Any CPU
		{5400CA01-CBCF-4531-A388-3057393D5B4F}.Debug|x86.Build.0 = Debug|Any CPU
		{5400CA01-CBCF-4531-A388-3057393D5B4F}.Release|Any CPU.ActiveCfg = Release|Any CPU
		{5400CA01-CBCF-4531-A388-3057393D5B4F}.Release|Any CPU.Build.0 = Release|Any CPU
		{5400CA01-CBCF-4531-A388-3057393D5B4F}.Release|x86.ActiveCfg = Release|Any CPU
		{5400CA01-CBCF-4531-A388-3057393D5B4F}.Release|x86.Build.0 = Release|Any CPU
		{057A84E9-73A4-4CF0-8871-5FC9BB26707C}.Debug|Any CPU.ActiveCfg = Debug|Any CPU
		{057A84E9-73A4-4CF0-8871-5FC9BB26707C}.Debug|Any CPU.Build.0 = Debug|Any CPU
		{057A84E9-73A4-4CF0-8871-5FC9BB26707C}.Debug|x86.ActiveCfg = Debug|Any CPU
		{057A84E9-73A4-4CF0-8871-5FC9BB26707C}.Debug|x86.Build.0 = Debug|Any CPU
		{057A84E9-73A4-4CF0-8871-5FC9BB26707C}.Release|Any CPU.ActiveCfg = Release|Any CPU
		{057A84E9-73A4-4CF0-8871-5FC9BB26707C}.Release|Any CPU.Build.0 = Release|Any CPU
		{057A84E9-73A4-4CF0-8871-5FC9BB26707C}.Release|x86.ActiveCfg = Release|Any CPU
		{057A84E9-73A4-4CF0-8871-5FC9BB26707C}.Release|x86.Build.0 = Release|Any CPU
		{5DA764F7-BBD7-4BF9-9F2F-03D9273AEFCC}.Debug|Any CPU.ActiveCfg = Debug|Any CPU
		{5DA764F7-BBD7-4BF9-9F2F-03D9273AEFCC}.Debug|Any CPU.Build.0 = Debug|Any CPU
		{5DA764F7-BBD7-4BF9-9F2F-03D9273AEFCC}.Debug|x86.ActiveCfg = Debug|Any CPU
		{5DA764F7-BBD7-4BF9-9F2F-03D9273AEFCC}.Debug|x86.Build.0 = Debug|Any CPU
		{5DA764F7-BBD7-4BF9-9F2F-03D9273AEFCC}.Release|Any CPU.ActiveCfg = Release|Any CPU
		{5DA764F7-BBD7-4BF9-9F2F-03D9273AEFCC}.Release|Any CPU.Build.0 = Release|Any CPU
		{5DA764F7-BBD7-4BF9-9F2F-03D9273AEFCC}.Release|x86.ActiveCfg = Release|Any CPU
		{5DA764F7-BBD7-4BF9-9F2F-03D9273AEFCC}.Release|x86.Build.0 = Release|Any CPU
		{275D5A0D-C49C-497E-A4B5-F40285C2495F}.Debug|Any CPU.ActiveCfg = Debug|Any CPU
		{275D5A0D-C49C-497E-A4B5-F40285C2495F}.Debug|Any CPU.Build.0 = Debug|Any CPU
		{275D5A0D-C49C-497E-A4B5-F40285C2495F}.Debug|x86.ActiveCfg = Debug|Any CPU
		{275D5A0D-C49C-497E-A4B5-F40285C2495F}.Debug|x86.Build.0 = Debug|Any CPU
		{275D5A0D-C49C-497E-A4B5-F40285C2495F}.Release|Any CPU.ActiveCfg = Release|Any CPU
		{275D5A0D-C49C-497E-A4B5-F40285C2495F}.Release|Any CPU.Build.0 = Release|Any CPU
		{275D5A0D-C49C-497E-A4B5-F40285C2495F}.Release|x86.ActiveCfg = Release|Any CPU
		{275D5A0D-C49C-497E-A4B5-F40285C2495F}.Release|x86.Build.0 = Release|Any CPU
		{15C9E15C-BD63-4630-85D4-F2DAD7AF1E2B}.Debug|Any CPU.ActiveCfg = Debug|Any CPU
		{15C9E15C-BD63-4630-85D4-F2DAD7AF1E2B}.Debug|Any CPU.Build.0 = Debug|Any CPU
		{15C9E15C-BD63-4630-85D4-F2DAD7AF1E2B}.Debug|x86.ActiveCfg = Debug|Any CPU
		{15C9E15C-BD63-4630-85D4-F2DAD7AF1E2B}.Debug|x86.Build.0 = Debug|Any CPU
		{15C9E15C-BD63-4630-85D4-F2DAD7AF1E2B}.Release|Any CPU.ActiveCfg = Release|Any CPU
		{15C9E15C-BD63-4630-85D4-F2DAD7AF1E2B}.Release|Any CPU.Build.0 = Release|Any CPU
		{15C9E15C-BD63-4630-85D4-F2DAD7AF1E2B}.Release|x86.ActiveCfg = Release|Any CPU
		{15C9E15C-BD63-4630-85D4-F2DAD7AF1E2B}.Release|x86.Build.0 = Release|Any CPU
	EndGlobalSection
	GlobalSection(SolutionProperties) = preSolution
		HideSolutionNode = FALSE
	EndGlobalSection
	GlobalSection(NestedProjects) = preSolution
		{7997FB01-C9C1-4793-A430-9CA3C3852B37} = {204C572E-8FF6-4114-B6EA-3E64CB5A53FA}
		{F1A452F8-2757-4130-AECD-4CDCB675419F} = {204C572E-8FF6-4114-B6EA-3E64CB5A53FA}
		{939493B4-A47C-43E2-99E3-92459CD0EB1E} = {AA298924-B01C-40F1-BF9A-8F67888B2E0B}
		{F7DEF70A-7EEA-4C03-866B-E351B352711C} = {AA298924-B01C-40F1-BF9A-8F67888B2E0B}
		{138F01FA-B23F-4ACA-93DB-D899BB244A1A} = {89A0A48F-DF68-460E-BDAA-EBE07A44A04E}
		{5400CA01-CBCF-4531-A388-3057393D5B4F} = {22A121F3-4B9D-4FC9-ACAF-8C807136C947}
		{F500AF97-8464-42E7-A39C-64990B07B380} = {22A121F3-4B9D-4FC9-ACAF-8C807136C947}
		{057A84E9-73A4-4CF0-8871-5FC9BB26707C} = {F500AF97-8464-42E7-A39C-64990B07B380}
		{5DA764F7-BBD7-4BF9-9F2F-03D9273AEFCC} = {A78A3C11-E932-4C6F-8E2D-8943B9497936}
		{275D5A0D-C49C-497E-A4B5-F40285C2495F} = {89A0A48F-DF68-460E-BDAA-EBE07A44A04E}
		{15C9E15C-BD63-4630-85D4-F2DAD7AF1E2B} = {23383A71-CEA2-4098-9E8F-154FB9176AC6}
	EndGlobalSection
	GlobalSection(ExtensibilityGlobals) = postSolution
		SolutionGuid = {5020B5D5-15E6-4193-9C68-536EB228CFAF}
	EndGlobalSection
EndGlobal
